// !$*UTF8*$!
{
	archiveVersion = 1;
	classes = {
	};
	objectVersion = 56;
	objects = {

/* Begin PBXBuildFile section */
		9118BF052BB04ABE00DDA64B /* Base in Resources */ = {isa = PBXBuildFile; fileRef = 9118BF042BB04ABE00DDA64B /* Base */; };
		913609DA2BCD238E00660F4B /* .swift-format in Resources */ = {isa = PBXBuildFile; fileRef = 913609D92BCD238E00660F4B /* .swift-format */; };
		913609DB2BCD238E00660F4B /* .swift-format in Resources */ = {isa = PBXBuildFile; fileRef = 913609D92BCD238E00660F4B /* .swift-format */; };
		913609DD2BCD286100660F4B /* PostProcessRenderer.swift in Sources */ = {isa = PBXBuildFile; fileRef = 913609DC2BCD286100660F4B /* PostProcessRenderer.swift */; };
		913609DE2BCD286100660F4B /* PostProcessRenderer.swift in Sources */ = {isa = PBXBuildFile; fileRef = 913609DC2BCD286100660F4B /* PostProcessRenderer.swift */; };
		913609E12BCD2DDC00660F4B /* MetalExtensions.swift in Sources */ = {isa = PBXBuildFile; fileRef = 913609E02BCD2DDC00660F4B /* MetalExtensions.swift */; };
		913609E22BCD2DDC00660F4B /* MetalExtensions.swift in Sources */ = {isa = PBXBuildFile; fileRef = 913609E02BCD2DDC00660F4B /* MetalExtensions.swift */; };
		913609E42BCD317D00660F4B /* RenderInstanceCollection.swift in Sources */ = {isa = PBXBuildFile; fileRef = 913609E32BCD317D00660F4B /* RenderInstanceCollection.swift */; };
		913609E52BCD317D00660F4B /* RenderInstanceCollection.swift in Sources */ = {isa = PBXBuildFile; fileRef = 913609E32BCD317D00660F4B /* RenderInstanceCollection.swift */; };
		9150BC9A2BB5A97100F4FECE /* TerrainPatchGen.metal in Sources */ = {isa = PBXBuildFile; fileRef = 9150BC992BB5A97100F4FECE /* TerrainPatchGen.metal */; };
		9150BC9B2BB5A97100F4FECE /* TerrainPatchGen.metal in Sources */ = {isa = PBXBuildFile; fileRef = 9150BC992BB5A97100F4FECE /* TerrainPatchGen.metal */; };
		9150BC9D2BB5AAD000F4FECE /* TerrainRenderer.swift in Sources */ = {isa = PBXBuildFile; fileRef = 9150BC9C2BB5AAD000F4FECE /* TerrainRenderer.swift */; };
		9150BC9E2BB5AAD000F4FECE /* TerrainRenderer.swift in Sources */ = {isa = PBXBuildFile; fileRef = 9150BC9C2BB5AAD000F4FECE /* TerrainRenderer.swift */; };
		9150BCA02BB5AB5E00F4FECE /* RendererDescriptor.swift in Sources */ = {isa = PBXBuildFile; fileRef = 9150BC9F2BB5AB5E00F4FECE /* RendererDescriptor.swift */; };
		9150BCA12BB5AB5E00F4FECE /* RendererDescriptor.swift in Sources */ = {isa = PBXBuildFile; fileRef = 9150BC9F2BB5AB5E00F4FECE /* RendererDescriptor.swift */; };
		9150BCA32BB5AD8B00F4FECE /* RendererDelegate.swift in Sources */ = {isa = PBXBuildFile; fileRef = 9150BCA22BB5AD8B00F4FECE /* RendererDelegate.swift */; };
		9150BCA42BB5AD8B00F4FECE /* RendererDelegate.swift in Sources */ = {isa = PBXBuildFile; fileRef = 9150BCA22BB5AD8B00F4FECE /* RendererDelegate.swift */; };
		917346732BB06B3000462B40 /* RendererProtocol.swift in Sources */ = {isa = PBXBuildFile; fileRef = 917346722BB06B3000462B40 /* RendererProtocol.swift */; };
		917346742BB06B3000462B40 /* RendererProtocol.swift in Sources */ = {isa = PBXBuildFile; fileRef = 917346722BB06B3000462B40 /* RendererProtocol.swift */; };
		917346762BB06CAB00462B40 /* MeshRenderer.swift in Sources */ = {isa = PBXBuildFile; fileRef = 917346752BB06CAB00462B40 /* MeshRenderer.swift */; };
		917346772BB06CAB00462B40 /* MeshRenderer.swift in Sources */ = {isa = PBXBuildFile; fileRef = 917346752BB06CAB00462B40 /* MeshRenderer.swift */; };
		9173467B2BB06D0B00462B40 /* SceneObjectLoader.swift in Sources */ = {isa = PBXBuildFile; fileRef = 9173467A2BB06D0B00462B40 /* SceneObjectLoader.swift */; };
		9173467C2BB06D0B00462B40 /* SceneObjectLoader.swift in Sources */ = {isa = PBXBuildFile; fileRef = 9173467A2BB06D0B00462B40 /* SceneObjectLoader.swift */; };
		9178D1532BC2651600775C68 /* Mesh.swift in Sources */ = {isa = PBXBuildFile; fileRef = 9178D1522BC2651600775C68 /* Mesh.swift */; };
		9178D1542BC2651600775C68 /* Mesh.swift in Sources */ = {isa = PBXBuildFile; fileRef = 9178D1522BC2651600775C68 /* Mesh.swift */; };
		9178D1562BC2651C00775C68 /* SubMesh.swift in Sources */ = {isa = PBXBuildFile; fileRef = 9178D1552BC2651C00775C68 /* SubMesh.swift */; };
		9178D1572BC2651C00775C68 /* SubMesh.swift in Sources */ = {isa = PBXBuildFile; fileRef = 9178D1552BC2651C00775C68 /* SubMesh.swift */; };
		918519402BB1BC6F00C70212 /* Material.swift in Sources */ = {isa = PBXBuildFile; fileRef = 9185193F2BB1BC6F00C70212 /* Material.swift */; };
		918519412BB1BC6F00C70212 /* Material.swift in Sources */ = {isa = PBXBuildFile; fileRef = 9185193F2BB1BC6F00C70212 /* Material.swift */; };
		91A333372BB04086005E50B1 /* AppDelegate.swift in Sources */ = {isa = PBXBuildFile; fileRef = 91A333362BB04086005E50B1 /* AppDelegate.swift */; };
		91A333392BB04086005E50B1 /* ViewController.swift in Sources */ = {isa = PBXBuildFile; fileRef = 91A333382BB04086005E50B1 /* ViewController.swift */; };
		91A3333B2BB04087005E50B1 /* Assets.xcassets in Resources */ = {isa = PBXBuildFile; fileRef = 91A3333A2BB04087005E50B1 /* Assets.xcassets */; };
		91A3333E2BB04087005E50B1 /* Base in Resources */ = {isa = PBXBuildFile; fileRef = 91A3333D2BB04087005E50B1 /* Base */; };
/* End PBXBuildFile section */

/* Begin PBXFileReference section */
		9118BE8E2BB0416600DDA64B /* README.md */ = {isa = PBXFileReference; lastKnownFileType = net.daringfireball.markdown; path = README.md; sourceTree = "<group>"; };
		9118BEF62BB04ABD00DDA64B /* swift_metal_iOS.app */ = {isa = PBXFileReference; explicitFileType = wrapper.application; includeInIndex = 0; path = swift_metal_iOS.app; sourceTree = BUILT_PRODUCTS_DIR; };
		9118BEFF2BB04ABD00DDA64B /* Base */ = {isa = PBXFileReference; lastKnownFileType = file.storyboard; name = Base; path = Base.lproj/Main.storyboard; sourceTree = "<group>"; };
		9118BF042BB04ABE00DDA64B /* Base */ = {isa = PBXFileReference; lastKnownFileType = file.storyboard; name = Base; path = Base.lproj/LaunchScreen.storyboard; sourceTree = "<group>"; };
		9118BF0D2BB04C5800DDA64B /* Info.plist */ = {isa = PBXFileReference; fileEncoding = 4; lastKnownFileType = text.plist.xml; path = Info.plist; sourceTree = "<group>"; };
		913609D92BCD238E00660F4B /* .swift-format */ = {isa = PBXFileReference; fileEncoding = 4; lastKnownFileType = text; path = ".swift-format"; sourceTree = "<group>"; };
		913609DC2BCD286100660F4B /* PostProcessRenderer.swift */ = {isa = PBXFileReference; lastKnownFileType = sourcecode.swift; path = PostProcessRenderer.swift; sourceTree = "<group>"; };
		913609E02BCD2DDC00660F4B /* MetalExtensions.swift */ = {isa = PBXFileReference; lastKnownFileType = sourcecode.swift; path = MetalExtensions.swift; sourceTree = "<group>"; };
		913609E32BCD317D00660F4B /* RenderInstanceCollection.swift */ = {isa = PBXFileReference; lastKnownFileType = sourcecode.swift; path = RenderInstanceCollection.swift; sourceTree = "<group>"; };
		9150BC982BB5A7DD00F4FECE /* MetalShaderBridge.h */ = {isa = PBXFileReference; lastKnownFileType = sourcecode.c.h; path = MetalShaderBridge.h; sourceTree = "<group>"; };
		9150BC992BB5A97100F4FECE /* TerrainPatchGen.metal */ = {isa = PBXFileReference; lastKnownFileType = sourcecode.metal; path = TerrainPatchGen.metal; sourceTree = "<group>"; };
		9150BC9C2BB5AAD000F4FECE /* TerrainRenderer.swift */ = {isa = PBXFileReference; lastKnownFileType = sourcecode.swift; path = TerrainRenderer.swift; sourceTree = "<group>"; };
		9150BC9F2BB5AB5E00F4FECE /* RendererDescriptor.swift */ = {isa = PBXFileReference; lastKnownFileType = sourcecode.swift; path = RendererDescriptor.swift; sourceTree = "<group>"; };
		9150BCA22BB5AD8B00F4FECE /* RendererDelegate.swift */ = {isa = PBXFileReference; lastKnownFileType = sourcecode.swift; path = RendererDelegate.swift; sourceTree = "<group>"; };
		917346712BB06B3000462B40 /* BridgingHeader.h */ = {isa = PBXFileReference; lastKnownFileType = sourcecode.c.h; path = BridgingHeader.h; sourceTree = "<group>"; };
		917346722BB06B3000462B40 /* RendererProtocol.swift */ = {isa = PBXFileReference; lastKnownFileType = sourcecode.swift; path = RendererProtocol.swift; sourceTree = "<group>"; };
		917346752BB06CAB00462B40 /* MeshRenderer.swift */ = {isa = PBXFileReference; lastKnownFileType = sourcecode.swift; path = MeshRenderer.swift; sourceTree = "<group>"; };
		9173467A2BB06D0B00462B40 /* SceneObjectLoader.swift */ = {isa = PBXFileReference; lastKnownFileType = sourcecode.swift; path = SceneObjectLoader.swift; sourceTree = "<group>"; };
		9178D1522BC2651600775C68 /* Mesh.swift */ = {isa = PBXFileReference; lastKnownFileType = sourcecode.swift; path = Mesh.swift; sourceTree = "<group>"; };
		9178D1552BC2651C00775C68 /* SubMesh.swift */ = {isa = PBXFileReference; lastKnownFileType = sourcecode.swift; path = SubMesh.swift; sourceTree = "<group>"; };
		9185193F2BB1BC6F00C70212 /* Material.swift */ = {isa = PBXFileReference; lastKnownFileType = sourcecode.swift; path = Material.swift; sourceTree = "<group>"; };
		91A333332BB04086005E50B1 /* swift_metal_macOS.app */ = {isa = PBXFileReference; explicitFileType = wrapper.application; includeInIndex = 0; path = swift_metal_macOS.app; sourceTree = BUILT_PRODUCTS_DIR; };
		91A333362BB04086005E50B1 /* AppDelegate.swift */ = {isa = PBXFileReference; lastKnownFileType = sourcecode.swift; path = AppDelegate.swift; sourceTree = "<group>"; };
		91A333382BB04086005E50B1 /* ViewController.swift */ = {isa = PBXFileReference; lastKnownFileType = sourcecode.swift; path = ViewController.swift; sourceTree = "<group>"; };
		91A3333A2BB04087005E50B1 /* Assets.xcassets */ = {isa = PBXFileReference; lastKnownFileType = folder.assetcatalog; path = Assets.xcassets; sourceTree = "<group>"; };
		91A3333D2BB04087005E50B1 /* Base */ = {isa = PBXFileReference; lastKnownFileType = file.storyboard; name = Base; path = Base.lproj/Main.storyboard; sourceTree = "<group>"; };
		91A3333F2BB04087005E50B1 /* swift_metal.entitlements */ = {isa = PBXFileReference; lastKnownFileType = text.plist.entitlements; path = swift_metal.entitlements; sourceTree = "<group>"; };
/* End PBXFileReference section */

/* Begin PBXFrameworksBuildPhase section */
		9118BEF32BB04ABD00DDA64B /* Frameworks */ = {
			isa = PBXFrameworksBuildPhase;
			buildActionMask = 2147483647;
			files = (
			);
			runOnlyForDeploymentPostprocessing = 0;
		};
		91A333302BB04086005E50B1 /* Frameworks */ = {
			isa = PBXFrameworksBuildPhase;
			buildActionMask = 2147483647;
			files = (
			);
			runOnlyForDeploymentPostprocessing = 0;
		};
/* End PBXFrameworksBuildPhase section */

/* Begin PBXGroup section */
		9118BF0A2BB04ACF00DDA64B /* macOS */ = {
			isa = PBXGroup;
			children = (
				91A3333C2BB04087005E50B1 /* Main.storyboard */,
				91A3333F2BB04087005E50B1 /* swift_metal.entitlements */,
			);
			path = macOS;
			sourceTree = "<group>";
		};
		9118BF0B2BB04ADF00DDA64B /* iOS */ = {
			isa = PBXGroup;
			children = (
				9118BF0D2BB04C5800DDA64B /* Info.plist */,
				9118BEFE2BB04ABD00DDA64B /* Main.storyboard */,
				9118BF032BB04ABE00DDA64B /* LaunchScreen.storyboard */,
			);
			path = iOS;
			sourceTree = "<group>";
		};
		9118BF0C2BB04B0200DDA64B /* Assets */ = {
			isa = PBXGroup;
			children = (
				91A3333A2BB04087005E50B1 /* Assets.xcassets */,
			);
			path = Assets;
			sourceTree = "<group>";
		};
		913609DF2BCD2DCF00660F4B /* Extensions */ = {
			isa = PBXGroup;
			children = (
				913609E02BCD2DDC00660F4B /* MetalExtensions.swift */,
			);
			path = Extensions;
			sourceTree = "<group>";
		};
		9150BC972BB5A2C100F4FECE /* Shader */ = {
			isa = PBXGroup;
			children = (
				9150BC982BB5A7DD00F4FECE /* MetalShaderBridge.h */,
				9150BC992BB5A97100F4FECE /* TerrainPatchGen.metal */,
			);
			path = Shader;
			sourceTree = "<group>";
		};
		917346702BB06B1500462B40 /* Renderer */ = {
			isa = PBXGroup;
			children = (
				913609DF2BCD2DCF00660F4B /* Extensions */,
				917346782BB06CEB00462B40 /* SceneObject */,
				917346722BB06B3000462B40 /* RendererProtocol.swift */,
				917346752BB06CAB00462B40 /* MeshRenderer.swift */,
				9150BC9C2BB5AAD000F4FECE /* TerrainRenderer.swift */,
				9150BC9F2BB5AB5E00F4FECE /* RendererDescriptor.swift */,
				9150BCA22BB5AD8B00F4FECE /* RendererDelegate.swift */,
				913609DC2BCD286100660F4B /* PostProcessRenderer.swift */,
			);
			path = Renderer;
			sourceTree = "<group>";
		};
		917346782BB06CEB00462B40 /* SceneObject */ = {
			isa = PBXGroup;
			children = (
				9173467A2BB06D0B00462B40 /* SceneObjectLoader.swift */,
				9185193F2BB1BC6F00C70212 /* Material.swift */,
				9178D1522BC2651600775C68 /* Mesh.swift */,
				9178D1552BC2651C00775C68 /* SubMesh.swift */,
				913609E32BCD317D00660F4B /* RenderInstanceCollection.swift */,
			);
			path = SceneObject;
			sourceTree = "<group>";
		};
		91A3332A2BB04086005E50B1 = {
			isa = PBXGroup;
			children = (
				913609D92BCD238E00660F4B /* .swift-format */,
				9150BC972BB5A2C100F4FECE /* Shader */,
				917346702BB06B1500462B40 /* Renderer */,
				9118BF0C2BB04B0200DDA64B /* Assets */,
				9118BE8E2BB0416600DDA64B /* README.md */,
				91A333352BB04086005E50B1 /* Application */,
				91A333342BB04086005E50B1 /* Products */,
			);
			sourceTree = "<group>";
		};
		91A333342BB04086005E50B1 /* Products */ = {
			isa = PBXGroup;
			children = (
				91A333332BB04086005E50B1 /* swift_metal_macOS.app */,
				9118BEF62BB04ABD00DDA64B /* swift_metal_iOS.app */,
			);
			name = Products;
			sourceTree = "<group>";
		};
		91A333352BB04086005E50B1 /* Application */ = {
			isa = PBXGroup;
			children = (
				9118BF0B2BB04ADF00DDA64B /* iOS */,
				9118BF0A2BB04ACF00DDA64B /* macOS */,
				91A333362BB04086005E50B1 /* AppDelegate.swift */,
				917346712BB06B3000462B40 /* BridgingHeader.h */,
				91A333382BB04086005E50B1 /* ViewController.swift */,
			);
			path = Application;
			sourceTree = "<group>";
		};
/* End PBXGroup section */

/* Begin PBXNativeTarget section */
		9118BEF52BB04ABD00DDA64B /* swift_metal_iOS */ = {
			isa = PBXNativeTarget;
			buildConfigurationList = 9118BF072BB04ABE00DDA64B /* Build configuration list for PBXNativeTarget "swift_metal_iOS" */;
			buildPhases = (
				9118BEF22BB04ABD00DDA64B /* Sources */,
				9118BEF32BB04ABD00DDA64B /* Frameworks */,
				9118BEF42BB04ABD00DDA64B /* Resources */,
			);
			buildRules = (
			);
			dependencies = (
			);
			name = swift_metal_iOS;
			productName = swift_metal_ios;
			productReference = 9118BEF62BB04ABD00DDA64B /* swift_metal_iOS.app */;
			productType = "com.apple.product-type.application";
		};
		91A333322BB04086005E50B1 /* swift_metal_macOS */ = {
			isa = PBXNativeTarget;
			buildConfigurationList = 91A333582BB04087005E50B1 /* Build configuration list for PBXNativeTarget "swift_metal_macOS" */;
			buildPhases = (
				91A3332F2BB04086005E50B1 /* Sources */,
				91A333302BB04086005E50B1 /* Frameworks */,
				91A333312BB04086005E50B1 /* Resources */,
			);
			buildRules = (
			);
			dependencies = (
			);
			name = swift_metal_macOS;
			productName = swift_metal;
			productReference = 91A333332BB04086005E50B1 /* swift_metal_macOS.app */;
			productType = "com.apple.product-type.application";
		};
/* End PBXNativeTarget section */

/* Begin PBXProject section */
		91A3332B2BB04086005E50B1 /* Project object */ = {
			isa = PBXProject;
			attributes = {
				BuildIndependentTargetsInParallel = 1;
				LastSwiftUpdateCheck = 1530;
				LastUpgradeCheck = 1530;
				TargetAttributes = {
					9118BEF52BB04ABD00DDA64B = {
						CreatedOnToolsVersion = 15.3;
						LastSwiftMigration = 1530;
					};
					91A333322BB04086005E50B1 = {
						CreatedOnToolsVersion = 15.3;
					};
				};
			};
			buildConfigurationList = 91A3332E2BB04086005E50B1 /* Build configuration list for PBXProject "swift_metal" */;
			compatibilityVersion = "Xcode 14.0";
			developmentRegion = en;
			hasScannedForEncodings = 0;
			knownRegions = (
				en,
				Base,
			);
			mainGroup = 91A3332A2BB04086005E50B1;
			productRefGroup = 91A333342BB04086005E50B1 /* Products */;
			projectDirPath = "";
			projectRoot = "";
			targets = (
				91A333322BB04086005E50B1 /* swift_metal_macOS */,
				9118BEF52BB04ABD00DDA64B /* swift_metal_iOS */,
			);
		};
/* End PBXProject section */

/* Begin PBXResourcesBuildPhase section */
		9118BEF42BB04ABD00DDA64B /* Resources */ = {
			isa = PBXResourcesBuildPhase;
			buildActionMask = 2147483647;
			files = (
				913609DB2BCD238E00660F4B /* .swift-format in Resources */,
				9118BF052BB04ABE00DDA64B /* Base in Resources */,
			);
			runOnlyForDeploymentPostprocessing = 0;
		};
		91A333312BB04086005E50B1 /* Resources */ = {
			isa = PBXResourcesBuildPhase;
			buildActionMask = 2147483647;
			files = (
				91A3333B2BB04087005E50B1 /* Assets.xcassets in Resources */,
				913609DA2BCD238E00660F4B /* .swift-format in Resources */,
				91A3333E2BB04087005E50B1 /* Base in Resources */,
			);
			runOnlyForDeploymentPostprocessing = 0;
		};
/* End PBXResourcesBuildPhase section */

/* Begin PBXSourcesBuildPhase section */
		9118BEF22BB04ABD00DDA64B /* Sources */ = {
			isa = PBXSourcesBuildPhase;
			buildActionMask = 2147483647;
			files = (
				918519412BB1BC6F00C70212 /* Material.swift in Sources */,
				9178D1572BC2651C00775C68 /* SubMesh.swift in Sources */,
				913609DE2BCD286100660F4B /* PostProcessRenderer.swift in Sources */,
				9150BC9B2BB5A97100F4FECE /* TerrainPatchGen.metal in Sources */,
				913609E52BCD317D00660F4B /* RenderInstanceCollection.swift in Sources */,
				9150BC9E2BB5AAD000F4FECE /* TerrainRenderer.swift in Sources */,
				9150BCA42BB5AD8B00F4FECE /* RendererDelegate.swift in Sources */,
				9173467C2BB06D0B00462B40 /* SceneObjectLoader.swift in Sources */,
				917346742BB06B3000462B40 /* RendererProtocol.swift in Sources */,
				9178D1542BC2651600775C68 /* Mesh.swift in Sources */,
				9150BCA12BB5AB5E00F4FECE /* RendererDescriptor.swift in Sources */,
				917346772BB06CAB00462B40 /* MeshRenderer.swift in Sources */,
				913609E22BCD2DDC00660F4B /* MetalExtensions.swift in Sources */,
			);
			runOnlyForDeploymentPostprocessing = 0;
		};
		91A3332F2BB04086005E50B1 /* Sources */ = {
			isa = PBXSourcesBuildPhase;
			buildActionMask = 2147483647;
			files = (
				913609DD2BCD286100660F4B /* PostProcessRenderer.swift in Sources */,
				917346732BB06B3000462B40 /* RendererProtocol.swift in Sources */,
				9178D1532BC2651600775C68 /* Mesh.swift in Sources */,
				9150BCA02BB5AB5E00F4FECE /* RendererDescriptor.swift in Sources */,
				913609E42BCD317D00660F4B /* RenderInstanceCollection.swift in Sources */,
				9150BC9A2BB5A97100F4FECE /* TerrainPatchGen.metal in Sources */,
				9150BCA32BB5AD8B00F4FECE /* RendererDelegate.swift in Sources */,
				917346762BB06CAB00462B40 /* MeshRenderer.swift in Sources */,
				91A333392BB04086005E50B1 /* ViewController.swift in Sources */,
				9178D1562BC2651C00775C68 /* SubMesh.swift in Sources */,
				9150BC9D2BB5AAD000F4FECE /* TerrainRenderer.swift in Sources */,
				9173467B2BB06D0B00462B40 /* SceneObjectLoader.swift in Sources */,
				913609E12BCD2DDC00660F4B /* MetalExtensions.swift in Sources */,
				918519402BB1BC6F00C70212 /* Material.swift in Sources */,
				91A333372BB04086005E50B1 /* AppDelegate.swift in Sources */,
			);
			runOnlyForDeploymentPostprocessing = 0;
		};
/* End PBXSourcesBuildPhase section */

/* Begin PBXVariantGroup section */
		9118BEFE2BB04ABD00DDA64B /* Main.storyboard */ = {
			isa = PBXVariantGroup;
			children = (
				9118BEFF2BB04ABD00DDA64B /* Base */,
			);
			name = Main.storyboard;
			sourceTree = "<group>";
		};
		9118BF032BB04ABE00DDA64B /* LaunchScreen.storyboard */ = {
			isa = PBXVariantGroup;
			children = (
				9118BF042BB04ABE00DDA64B /* Base */,
			);
			name = LaunchScreen.storyboard;
			sourceTree = "<group>";
		};
		91A3333C2BB04087005E50B1 /* Main.storyboard */ = {
			isa = PBXVariantGroup;
			children = (
				91A3333D2BB04087005E50B1 /* Base */,
			);
			name = Main.storyboard;
			sourceTree = "<group>";
		};
/* End PBXVariantGroup section */

/* Begin XCBuildConfiguration section */
		9118BF082BB04ABE00DDA64B /* Debug */ = {
			isa = XCBuildConfiguration;
			buildSettings = {
				ASSETCATALOG_COMPILER_APPICON_NAME = AppIcon;
				ASSETCATALOG_COMPILER_GLOBAL_ACCENT_COLOR_NAME = AccentColor;
				CLANG_ENABLE_MODULES = YES;
				CODE_SIGN_STYLE = Automatic;
				CURRENT_PROJECT_VERSION = 1;
				DEVELOPMENT_TEAM = K6Y2992257;
				GENERATE_INFOPLIST_FILE = NO;
				INFOPLIST_FILE = Application/iOS/Info.plist;
				INFOPLIST_KEY_LSApplicationCategoryType = "public.app-category.games";
				INFOPLIST_KEY_UIApplicationSupportsIndirectInputEvents = YES;
				INFOPLIST_KEY_UILaunchStoryboardName = LaunchScreen;
				INFOPLIST_KEY_UIMainStoryboardFile = Main;
				INFOPLIST_KEY_UISupportedInterfaceOrientations_iPad = "UIInterfaceOrientationPortrait UIInterfaceOrientationPortraitUpsideDown UIInterfaceOrientationLandscapeLeft UIInterfaceOrientationLandscapeRight";
				INFOPLIST_KEY_UISupportedInterfaceOrientations_iPhone = "UIInterfaceOrientationPortrait UIInterfaceOrientationLandscapeLeft UIInterfaceOrientationLandscapeRight";
				IPHONEOS_DEPLOYMENT_TARGET = 17.0;
				LD_RUNPATH_SEARCH_PATHS = (
					"$(inherited)",
					"@executable_path/Frameworks",
				);
				MARKETING_VERSION = 1.0;
				PRODUCT_BUNDLE_IDENTIFIER = "snowapril.swift-metal-ios";
				PRODUCT_NAME = "$(TARGET_NAME)";
				SDKROOT = iphoneos;
				SWIFT_EMIT_LOC_STRINGS = YES;
				SWIFT_OBJC_BRIDGING_HEADER = "Renderer/swift_metal_iOS-Bridging-Header.h";
				SWIFT_OPTIMIZATION_LEVEL = "-Onone";
				SWIFT_VERSION = 5.0;
				TARGETED_DEVICE_FAMILY = "1,2";
			};
			name = Debug;
		};
		9118BF092BB04ABE00DDA64B /* Release */ = {
			isa = XCBuildConfiguration;
			buildSettings = {
				ASSETCATALOG_COMPILER_APPICON_NAME = AppIcon;
				ASSETCATALOG_COMPILER_GLOBAL_ACCENT_COLOR_NAME = AccentColor;
				CLANG_ENABLE_MODULES = YES;
				CODE_SIGN_STYLE = Automatic;
				CURRENT_PROJECT_VERSION = 1;
				DEVELOPMENT_TEAM = K6Y2992257;
				GENERATE_INFOPLIST_FILE = NO;
				INFOPLIST_FILE = Application/iOS/Info.plist;
				INFOPLIST_KEY_LSApplicationCategoryType = "public.app-category.games";
				INFOPLIST_KEY_UIApplicationSupportsIndirectInputEvents = YES;
				INFOPLIST_KEY_UILaunchStoryboardName = LaunchScreen;
				INFOPLIST_KEY_UIMainStoryboardFile = Main;
				INFOPLIST_KEY_UISupportedInterfaceOrientations_iPad = "UIInterfaceOrientationPortrait UIInterfaceOrientationPortraitUpsideDown UIInterfaceOrientationLandscapeLeft UIInterfaceOrientationLandscapeRight";
				INFOPLIST_KEY_UISupportedInterfaceOrientations_iPhone = "UIInterfaceOrientationPortrait UIInterfaceOrientationLandscapeLeft UIInterfaceOrientationLandscapeRight";
				IPHONEOS_DEPLOYMENT_TARGET = 17.0;
				LD_RUNPATH_SEARCH_PATHS = (
					"$(inherited)",
					"@executable_path/Frameworks",
				);
				MARKETING_VERSION = 1.0;
				PRODUCT_BUNDLE_IDENTIFIER = "snowapril.swift-metal-ios";
				PRODUCT_NAME = "$(TARGET_NAME)";
				SDKROOT = iphoneos;
				SWIFT_EMIT_LOC_STRINGS = YES;
				SWIFT_OBJC_BRIDGING_HEADER = "Renderer/swift_metal_iOS-Bridging-Header.h";
				SWIFT_VERSION = 5.0;
				TARGETED_DEVICE_FAMILY = "1,2";
				VALIDATE_PRODUCT = YES;
			};
			name = Release;
		};
		91A333562BB04087005E50B1 /* Debug */ = {
			isa = XCBuildConfiguration;
			buildSettings = {
				ALWAYS_SEARCH_USER_PATHS = NO;
				ASSETCATALOG_COMPILER_GENERATE_SWIFT_ASSET_SYMBOL_EXTENSIONS = YES;
				CLANG_ANALYZER_NONNULL = YES;
				CLANG_ANALYZER_NUMBER_OBJECT_CONVERSION = YES_AGGRESSIVE;
				CLANG_CXX_LANGUAGE_STANDARD = "gnu++20";
				CLANG_ENABLE_MODULES = YES;
				CLANG_ENABLE_OBJC_ARC = YES;
				CLANG_ENABLE_OBJC_WEAK = YES;
				CLANG_WARN_BLOCK_CAPTURE_AUTORELEASING = YES;
				CLANG_WARN_BOOL_CONVERSION = YES;
				CLANG_WARN_COMMA = YES;
				CLANG_WARN_CONSTANT_CONVERSION = YES;
				CLANG_WARN_DEPRECATED_OBJC_IMPLEMENTATIONS = YES;
				CLANG_WARN_DIRECT_OBJC_ISA_USAGE = YES_ERROR;
				CLANG_WARN_DOCUMENTATION_COMMENTS = YES;
				CLANG_WARN_EMPTY_BODY = YES;
				CLANG_WARN_ENUM_CONVERSION = YES;
				CLANG_WARN_INFINITE_RECURSION = YES;
				CLANG_WARN_INT_CONVERSION = YES;
				CLANG_WARN_NON_LITERAL_NULL_CONVERSION = YES;
				CLANG_WARN_OBJC_IMPLICIT_RETAIN_SELF = YES;
				CLANG_WARN_OBJC_LITERAL_CONVERSION = YES;
				CLANG_WARN_OBJC_ROOT_CLASS = YES_ERROR;
				CLANG_WARN_QUOTED_INCLUDE_IN_FRAMEWORK_HEADER = YES;
				CLANG_WARN_RANGE_LOOP_ANALYSIS = YES;
				CLANG_WARN_STRICT_PROTOTYPES = YES;
				CLANG_WARN_SUSPICIOUS_MOVE = YES;
				CLANG_WARN_UNGUARDED_AVAILABILITY = YES_AGGRESSIVE;
				CLANG_WARN_UNREACHABLE_CODE = YES;
				CLANG_WARN__DUPLICATE_METHOD_MATCH = YES;
				COPY_PHASE_STRIP = NO;
				DEBUG_INFORMATION_FORMAT = dwarf;
				ENABLE_STRICT_OBJC_MSGSEND = YES;
				ENABLE_TESTABILITY = YES;
				ENABLE_USER_SCRIPT_SANDBOXING = YES;
				GCC_C_LANGUAGE_STANDARD = gnu17;
				GCC_DYNAMIC_NO_PIC = NO;
				GCC_NO_COMMON_BLOCKS = YES;
				GCC_OPTIMIZATION_LEVEL = 0;
				GCC_PREPROCESSOR_DEFINITIONS = (
					"DEBUG=1",
					"$(inherited)",
				);
				GCC_WARN_64_TO_32_BIT_CONVERSION = YES;
				GCC_WARN_ABOUT_RETURN_TYPE = YES_ERROR;
				GCC_WARN_UNDECLARED_SELECTOR = YES;
				GCC_WARN_UNINITIALIZED_AUTOS = YES_AGGRESSIVE;
				GCC_WARN_UNUSED_FUNCTION = YES;
				GCC_WARN_UNUSED_VARIABLE = YES;
				LOCALIZATION_PREFERS_STRING_CATALOGS = YES;
				MACOSX_DEPLOYMENT_TARGET = 14.1;
				MTL_ENABLE_DEBUG_INFO = INCLUDE_SOURCE;
				MTL_FAST_MATH = YES;
				ONLY_ACTIVE_ARCH = YES;
				SDKROOT = macosx;
				SWIFT_ACTIVE_COMPILATION_CONDITIONS = "DEBUG $(inherited)";
				SWIFT_OBJC_BRIDGING_HEADER = "${SRCROOT}/Shader/MetalShaderBridge.h";
				SWIFT_OPTIMIZATION_LEVEL = "-Onone";
				SWIFT_PRECOMPILE_BRIDGING_HEADER = YES;
			};
			name = Debug;
		};
		91A333572BB04087005E50B1 /* Release */ = {
			isa = XCBuildConfiguration;
			buildSettings = {
				ALWAYS_SEARCH_USER_PATHS = NO;
				ASSETCATALOG_COMPILER_GENERATE_SWIFT_ASSET_SYMBOL_EXTENSIONS = YES;
				CLANG_ANALYZER_NONNULL = YES;
				CLANG_ANALYZER_NUMBER_OBJECT_CONVERSION = YES_AGGRESSIVE;
				CLANG_CXX_LANGUAGE_STANDARD = "gnu++20";
				CLANG_ENABLE_MODULES = YES;
				CLANG_ENABLE_OBJC_ARC = YES;
				CLANG_ENABLE_OBJC_WEAK = YES;
				CLANG_WARN_BLOCK_CAPTURE_AUTORELEASING = YES;
				CLANG_WARN_BOOL_CONVERSION = YES;
				CLANG_WARN_COMMA = YES;
				CLANG_WARN_CONSTANT_CONVERSION = YES;
				CLANG_WARN_DEPRECATED_OBJC_IMPLEMENTATIONS = YES;
				CLANG_WARN_DIRECT_OBJC_ISA_USAGE = YES_ERROR;
				CLANG_WARN_DOCUMENTATION_COMMENTS = YES;
				CLANG_WARN_EMPTY_BODY = YES;
				CLANG_WARN_ENUM_CONVERSION = YES;
				CLANG_WARN_INFINITE_RECURSION = YES;
				CLANG_WARN_INT_CONVERSION = YES;
				CLANG_WARN_NON_LITERAL_NULL_CONVERSION = YES;
				CLANG_WARN_OBJC_IMPLICIT_RETAIN_SELF = YES;
				CLANG_WARN_OBJC_LITERAL_CONVERSION = YES;
				CLANG_WARN_OBJC_ROOT_CLASS = YES_ERROR;
				CLANG_WARN_QUOTED_INCLUDE_IN_FRAMEWORK_HEADER = YES;
				CLANG_WARN_RANGE_LOOP_ANALYSIS = YES;
				CLANG_WARN_STRICT_PROTOTYPES = YES;
				CLANG_WARN_SUSPICIOUS_MOVE = YES;
				CLANG_WARN_UNGUARDED_AVAILABILITY = YES_AGGRESSIVE;
				CLANG_WARN_UNREACHABLE_CODE = YES;
				CLANG_WARN__DUPLICATE_METHOD_MATCH = YES;
				COPY_PHASE_STRIP = NO;
				DEBUG_INFORMATION_FORMAT = "dwarf-with-dsym";
				ENABLE_NS_ASSERTIONS = NO;
				ENABLE_STRICT_OBJC_MSGSEND = YES;
				ENABLE_USER_SCRIPT_SANDBOXING = YES;
				GCC_C_LANGUAGE_STANDARD = gnu17;
				GCC_NO_COMMON_BLOCKS = YES;
				GCC_WARN_64_TO_32_BIT_CONVERSION = YES;
				GCC_WARN_ABOUT_RETURN_TYPE = YES_ERROR;
				GCC_WARN_UNDECLARED_SELECTOR = YES;
				GCC_WARN_UNINITIALIZED_AUTOS = YES_AGGRESSIVE;
				GCC_WARN_UNUSED_FUNCTION = YES;
				GCC_WARN_UNUSED_VARIABLE = YES;
				LOCALIZATION_PREFERS_STRING_CATALOGS = YES;
				MACOSX_DEPLOYMENT_TARGET = 14.1;
				MTL_ENABLE_DEBUG_INFO = NO;
				MTL_FAST_MATH = YES;
				SDKROOT = macosx;
				SWIFT_COMPILATION_MODE = wholemodule;
				SWIFT_OBJC_BRIDGING_HEADER = "${SRCROOT}/Shader/MetalShaderBridge.h";
				SWIFT_PRECOMPILE_BRIDGING_HEADER = YES;
			};
			name = Release;
		};
		91A333592BB04087005E50B1 /* Debug */ = {
			isa = XCBuildConfiguration;
			buildSettings = {
				ASSETCATALOG_COMPILER_APPICON_NAME = AppIcon;
				ASSETCATALOG_COMPILER_GLOBAL_ACCENT_COLOR_NAME = AccentColor;
				CODE_SIGN_ENTITLEMENTS = Application/macOS/swift_metal.entitlements;
				CODE_SIGN_STYLE = Automatic;
				COMBINE_HIDPI_IMAGES = YES;
				CURRENT_PROJECT_VERSION = 1;
				GENERATE_INFOPLIST_FILE = YES;
				INFOPLIST_KEY_NSHumanReadableCopyright = "";
				INFOPLIST_KEY_NSMainStoryboardFile = Main;
				INFOPLIST_KEY_NSPrincipalClass = NSApplication;
				LD_RUNPATH_SEARCH_PATHS = (
					"$(inherited)",
					"@executable_path/../Frameworks",
				);
				MARKETING_VERSION = 1.0;
				PRODUCT_BUNDLE_IDENTIFIER = "snowapril.swift-metal";
				PRODUCT_NAME = "$(TARGET_NAME)";
				SWIFT_EMIT_LOC_STRINGS = YES;
				SWIFT_VERSION = 5.0;
			};
			name = Debug;
		};
		91A3335A2BB04087005E50B1 /* Release */ = {
			isa = XCBuildConfiguration;
			buildSettings = {
				ASSETCATALOG_COMPILER_APPICON_NAME = AppIcon;
				ASSETCATALOG_COMPILER_GLOBAL_ACCENT_COLOR_NAME = AccentColor;
				CODE_SIGN_ENTITLEMENTS = Application/macOS/swift_metal.entitlements;
				CODE_SIGN_STYLE = Automatic;
				COMBINE_HIDPI_IMAGES = YES;
				CURRENT_PROJECT_VERSION = 1;
				GENERATE_INFOPLIST_FILE = YES;
				INFOPLIST_KEY_NSHumanReadableCopyright = "";
				INFOPLIST_KEY_NSMainStoryboardFile = Main;
				INFOPLIST_KEY_NSPrincipalClass = NSApplication;
				LD_RUNPATH_SEARCH_PATHS = (
					"$(inherited)",
					"@executable_path/../Frameworks",
				);
				MARKETING_VERSION = 1.0;
				PRODUCT_BUNDLE_IDENTIFIER = "snowapril.swift-metal";
				PRODUCT_NAME = "$(TARGET_NAME)";
				SWIFT_EMIT_LOC_STRINGS = YES;
				SWIFT_VERSION = 5.0;
			};
			name = Release;
		};
/* End XCBuildConfiguration section */

/* Begin XCConfigurationList section */
		9118BF072BB04ABE00DDA64B /* Build configuration list for PBXNativeTarget "swift_metal_iOS" */ = {
			isa = XCConfigurationList;
			buildConfigurations = (
				9118BF082BB04ABE00DDA64B /* Debug */,
				9118BF092BB04ABE00DDA64B /* Release */,
			);
			defaultConfigurationIsVisible = 0;
			defaultConfigurationName = Release;
		};
		91A3332E2BB04086005E50B1 /* Build configuration list for PBXProject "swift_metal" */ = {
			isa = XCConfigurationList;
			buildConfigurations = (
				91A333562BB04087005E50B1 /* Debug */,
				91A333572BB04087005E50B1 /* Release */,
			);
			defaultConfigurationIsVisible = 0;
			defaultConfigurationName = Release;
		};
		91A333582BB04087005E50B1 /* Build configuration list for PBXNativeTarget "swift_metal_macOS" */ = {
			isa = XCConfigurationList;
			buildConfigurations = (
				91A333592BB04087005E50B1 /* Debug */,
				91A3335A2BB04087005E50B1 /* Release */,
			);
			defaultConfigurationIsVisible = 0;
			defaultConfigurationName = Release;
		};
/* End XCConfigurationList section */
	};
	rootObject = 91A3332B2BB04086005E50B1 /* Project object */;
}
